{
	"name": "my-svelte-app",
	"version": "0.0.1",
	"lockfileVersion": 2,
	"requires": true,
	"packages": {
		"": {
			"name": "my-svelte-app",
			"version": "0.0.1",
			"dependencies": {
				"@sveltejs/adapter-cloudflare": "^2.3.2"
			},
			"devDependencies": {
				"@fontsource/fira-mono": "^4.5.10",
				"@neoconfetti/svelte": "^1.0.0",
				"@sveltejs/adapter-auto": "^1.0.0-next.90",
				"@sveltejs/adapter-static": "^2.0.3",
				"@sveltejs/kit": "^1.0.0-next.587",
				"svelte": "^3.54.0",
				"vite": "^4.0.0"
			}
		},
		"node_modules/@cloudflare/workers-types": {
			"version": "4.20230801.0",
			"resolved": "https://registry.npmjs.org/@cloudflare/workers-types/-/workers-types-4.20230801.0.tgz",
			"integrity": "sha512-RzRUR+J/T3h58qbTZHYntYsnZXu3JnrlZIhqP2hhdyfoZAZ/+ko4wX0foAqlYHi+kXWaWtySHBuMcx6ec6TXlQ=="
		},
		"node_modules/@esbuild/android-arm": {
			"version": "0.18.18",
			"resolved": "https://registry.npmjs.org/@esbuild/android-arm/-/android-arm-0.18.18.tgz",
			"integrity": "sha512-oBymf7ZwplAawSxmiSlBCf+FMcY0f4bs5QP2jn43JKUf0M9DnrUTjqa5RvFPl1elw+sMfcpfBRPK+rb+E1q7zg==",
			"cpu": [
				"arm"
			],
			"optional": true,
			"os": [
				"android"
			],
			"engines": {
				"node": ">=12"
			}
		},
		"node_modules/@esbuild/android-arm64": {
			"version": "0.18.18",
			"resolved": "https://registry.npmjs.org/@esbuild/android-arm64/-/android-arm64-0.18.18.tgz",
			"integrity": "sha512-dkAPYzRHq3dNXIzOyAknYOzsx8o3KWaNiuu56B2rP9IFPmFWMS58WQcTlUQi6iloku8ZyHHMluCe5sTWhKq/Yw==",
			"cpu": [
				"arm64"
			],
			"optional": true,
			"os": [
				"android"
			],
			"engines": {
				"node": ">=12"
			}
		},
		"node_modules/@esbuild/android-x64": {
			"version": "0.18.18",
			"resolved": "https://registry.npmjs.org/@esbuild/android-x64/-/android-x64-0.18.18.tgz",
			"integrity": "sha512-r7/pVcrUQMYkjvtE/1/n6BxhWM+/9tvLxDG1ev1ce4z3YsqoxMK9bbOM6bFcj0BowMeGQvOZWcBV182lFFKmrw==",
			"cpu": [
				"x64"
			],
			"optional": true,
			"os": [
				"android"
			],
			"engines": {
				"node": ">=12"
			}
		},
		"node_modules/@esbuild/darwin-arm64": {
			"version": "0.18.18",
			"resolved": "https://registry.npmjs.org/@esbuild/darwin-arm64/-/darwin-arm64-0.18.18.tgz",
			"integrity": "sha512-MSe2iV9MAH3wfP0g+vzN9bp36rtPPuCSk+bT5E2vv/d8krvW5uB/Pi/Q5+txUZuxsG3GcO8dhygjnFq0wJU9hQ==",
			"cpu": [
				"arm64"
			],
			"optional": true,
			"os": [
				"darwin"
			],
			"engines": {
				"node": ">=12"
			}
		},
		"node_modules/@esbuild/darwin-x64": {
			"version": "0.18.18",
			"resolved": "https://registry.npmjs.org/@esbuild/darwin-x64/-/darwin-x64-0.18.18.tgz",
			"integrity": "sha512-ARFYISOWkaifjcr48YtO70gcDNeOf1H2RnmOj6ip3xHIj66f3dAbhcd5Nph5np6oHI7DhHIcr9MWO18RvUL1bw==",
			"cpu": [
				"x64"
			],
			"optional": true,
			"os": [
				"darwin"
			],
			"engines": {
				"node": ">=12"
			}
		},
		"node_modules/@esbuild/freebsd-arm64": {
			"version": "0.18.18",
			"resolved": "https://registry.npmjs.org/@esbuild/freebsd-arm64/-/freebsd-arm64-0.18.18.tgz",
			"integrity": "sha512-BHnXmexzEWRU2ZySJosU0Ts0NRnJnNrMB6t4EiIaOSel73I8iLsNiTPLH0rJulAh19cYZutsB5XHK6N8fi5eMg==",
			"cpu": [
				"arm64"
			],
			"optional": true,
			"os": [
				"freebsd"
			],
			"engines": {
				"node": ">=12"
			}
		},
		"node_modules/@esbuild/freebsd-x64": {
			"version": "0.18.18",
			"resolved": "https://registry.npmjs.org/@esbuild/freebsd-x64/-/freebsd-x64-0.18.18.tgz",
			"integrity": "sha512-n823w35wm0ZOobbuE//0sJjuz1Qj619+AwjgOcAJMN2pomZhH9BONCtn+KlfrmM/NWZ+27yB/eGVFzUIWLeh3w==",
			"cpu": [
				"x64"
			],
			"optional": true,
			"os": [
				"freebsd"
			],
			"engines": {
				"node": ">=12"
			}
		},
		"node_modules/@esbuild/linux-arm": {
			"version": "0.18.18",
			"resolved": "https://registry.npmjs.org/@esbuild/linux-arm/-/linux-arm-0.18.18.tgz",
			"integrity": "sha512-Kck3jxPLQU4VeAGwe8Q4NU+IWIx+suULYOFUI9T0C2J1+UQlOHJ08ITN+MaJJ+2youzJOmKmcphH/t3SJxQ1Tw==",
			"cpu": [
				"arm"
			],
			"optional": true,
			"os": [
				"linux"
			],
			"engines": {
				"node": ">=12"
			}
		},
		"node_modules/@esbuild/linux-arm64": {
			"version": "0.18.18",
			"resolved": "https://registry.npmjs.org/@esbuild/linux-arm64/-/linux-arm64-0.18.18.tgz",
			"integrity": "sha512-zANxnwF0sCinDcAqoMohGoWBK9QaFJ65Vgh0ZE+RXtURaMwx+RfmfLElqtnn7X8OYNckMoIXSg7u+tZ3tqTlrA==",
			"cpu": [
				"arm64"
			],
			"optional": true,
			"os": [
				"linux"
			],
			"engines": {
				"node": ">=12"
			}
		},
		"node_modules/@esbuild/linux-ia32": {
			"version": "0.18.18",
			"resolved": "https://registry.npmjs.org/@esbuild/linux-ia32/-/linux-ia32-0.18.18.tgz",
			"integrity": "sha512-+VHz2sIRlY5u8IlaLJpdf5TL2kM76yx186pW7bpTB+vLWpzcFQVP04L842ZB2Ty13A1VXUvy3DbU1jV65P2skg==",
			"cpu": [
				"ia32"
			],
			"optional": true,
			"os": [
				"linux"
			],
			"engines": {
				"node": ">=12"
			}
		},
		"node_modules/@esbuild/linux-loong64": {
			"version": "0.18.18",
			"resolved": "https://registry.npmjs.org/@esbuild/linux-loong64/-/linux-loong64-0.18.18.tgz",
			"integrity": "sha512-fXPEPdeGBvguo/1+Na8OIWz3667BN1cwbGtTEZWTd0qdyTsk5gGf9jVX8MblElbDb/Cpw6y5JiaQuL96YmvBwQ==",
			"cpu": [
				"loong64"
			],
			"optional": true,
			"os": [
				"linux"
			],
			"engines": {
				"node": ">=12"
			}
		},
		"node_modules/@esbuild/linux-mips64el": {
			"version": "0.18.18",
			"resolved": "https://registry.npmjs.org/@esbuild/linux-mips64el/-/linux-mips64el-0.18.18.tgz",
			"integrity": "sha512-dLvRB87pIBIRnEIC32LIcgwK1JzlIuADIRjLKdUIpxauKwMuS/xMpN+cFl+0nN4RHNYOZ57DmXFFmQAcdlFOmw==",
			"cpu": [
				"mips64el"
			],
			"optional": true,
			"os": [
				"linux"
			],
			"engines": {
				"node": ">=12"
			}
		},
		"node_modules/@esbuild/linux-ppc64": {
			"version": "0.18.18",
			"resolved": "https://registry.npmjs.org/@esbuild/linux-ppc64/-/linux-ppc64-0.18.18.tgz",
			"integrity": "sha512-fRChqIJZ7hLkXSKfBLYgsX9Ssb5OGCjk3dzCETF5QSS1qjTgayLv0ALUdJDB9QOh/nbWwp+qfLZU6md4XcjL7w==",
			"cpu": [
				"ppc64"
			],
			"optional": true,
			"os": [
				"linux"
			],
			"engines": {
				"node": ">=12"
			}
		},
		"node_modules/@esbuild/linux-riscv64": {
			"version": "0.18.18",
			"resolved": "https://registry.npmjs.org/@esbuild/linux-riscv64/-/linux-riscv64-0.18.18.tgz",
			"integrity": "sha512-ALK/BT3u7Hoa/vHjow6W6+MKF0ohYcVcVA1EpskI4bkBPVuDLrUDqt2YFifg5UcZc8qup0CwQqWmFUd6VMNgaA==",
			"cpu": [
				"riscv64"
			],
			"optional": true,
			"os": [
				"linux"
			],
			"engines": {
				"node": ">=12"
			}
		},
		"node_modules/@esbuild/linux-s390x": {
			"version": "0.18.18",
			"resolved": "https://registry.npmjs.org/@esbuild/linux-s390x/-/linux-s390x-0.18.18.tgz",
			"integrity": "sha512-crT7jtOXd9iirY65B+mJQ6W0HWdNy8dtkZqKGWNcBnunpLcTCfne5y5bKic9bhyYzKpQEsO+C/VBPD8iF0RhRw==",
			"cpu": [
				"s390x"
			],
			"optional": true,
			"os": [
				"linux"
			],
			"engines": {
				"node": ">=12"
			}
		},
		"node_modules/@esbuild/linux-x64": {
			"version": "0.18.18",
			"resolved": "https://registry.npmjs.org/@esbuild/linux-x64/-/linux-x64-0.18.18.tgz",
			"integrity": "sha512-/NSgghjBOW9ELqjXDYxOCCIsvQUZpvua1/6NdnA9Vnrp9UzEydyDdFXljUjMMS9p5KxMzbMO9frjHYGVHBfCHg==",
			"cpu": [
				"x64"
			],
			"optional": true,
			"os": [
				"linux"
			],
			"engines": {
				"node": ">=12"
			}
		},
		"node_modules/@esbuild/netbsd-x64": {
			"version": "0.18.18",
			"resolved": "https://registry.npmjs.org/@esbuild/netbsd-x64/-/netbsd-x64-0.18.18.tgz",
			"integrity": "sha512-8Otf05Vx5sZjLLDulgr5QS5lsWXMplKZEyHMArH9/S4olLlhzmdhQBPhzhJTNwaL2FJNdWcUPNGAcoD5zDTfUA==",
			"cpu": [
				"x64"
			],
			"optional": true,
			"os": [
				"netbsd"
			],
			"engines": {
				"node": ">=12"
			}
		},
		"node_modules/@esbuild/openbsd-x64": {
			"version": "0.18.18",
			"resolved": "https://registry.npmjs.org/@esbuild/openbsd-x64/-/openbsd-x64-0.18.18.tgz",
			"integrity": "sha512-tFiFF4kT5L5qhVrWJUNxEXWvvX8nK/UX9ZrB7apuTwY3f6+Xy4aFMBPwAVrBYtBd5MOUuyOVHK6HBZCAHkwUlw==",
			"cpu": [
				"x64"
			],
			"optional": true,
			"os": [
				"openbsd"
			],
			"engines": {
				"node": ">=12"
			}
		},
		"node_modules/@esbuild/sunos-x64": {
			"version": "0.18.18",
			"resolved": "https://registry.npmjs.org/@esbuild/sunos-x64/-/sunos-x64-0.18.18.tgz",
			"integrity": "sha512-MPogVV8Bzh8os4OM+YDGGsSzCzmNRiyKGtHoJyZLtI4BMmd6EcxmGlcEGK1uM46h1BiOyi7Z7teUtzzQhvkC+w==",
			"cpu": [
				"x64"
			],
			"optional": true,
			"os": [
				"sunos"
			],
			"engines": {
				"node": ">=12"
			}
		},
		"node_modules/@esbuild/win32-arm64": {
			"version": "0.18.18",
			"resolved": "https://registry.npmjs.org/@esbuild/win32-arm64/-/win32-arm64-0.18.18.tgz",
			"integrity": "sha512-YKD6LF/XXY9REu+ZL5RAsusiG48n602qxsMVh/E8FFD9hp4OyTQaL9fpE1ovxwQXqFio+tT0ITUGjDSSSPN13w==",
			"cpu": [
				"arm64"
			],
			"optional": true,
			"os": [
				"win32"
			],
			"engines": {
				"node": ">=12"
			}
		},
		"node_modules/@esbuild/win32-ia32": {
			"version": "0.18.18",
			"resolved": "https://registry.npmjs.org/@esbuild/win32-ia32/-/win32-ia32-0.18.18.tgz",
			"integrity": "sha512-NjSBmBsyZBTsZB6ga6rA6PfG/RHnwruUz/9YEVXcm4STGauFWvhYhOMhEyw1yU5NVgYYm8CH5AltCm77TS21/Q==",
			"cpu": [
				"ia32"
			],
			"optional": true,
			"os": [
				"win32"
			],
			"engines": {
				"node": ">=12"
			}
		},
		"node_modules/@esbuild/win32-x64": {
			"version": "0.18.18",
			"resolved": "https://registry.npmjs.org/@esbuild/win32-x64/-/win32-x64-0.18.18.tgz",
			"integrity": "sha512-eTSg/gC3p3tdjj4roDhe5xu94l1s2jMazP8u2FsYO8SEKvSpPOO71EucprDn/IuErDPvTFUhV9lTw5z5WJCRKQ==",
			"cpu": [
				"x64"
			],
			"optional": true,
			"os": [
				"win32"
			],
			"engines": {
				"node": ">=12"
			}
		},
		"node_modules/@fontsource/fira-mono": {
			"version": "4.5.10",
			"resolved": "https://registry.npmjs.org/@fontsource/fira-mono/-/fira-mono-4.5.10.tgz",
			"integrity": "sha512-bxUnRP8xptGRo8YXeY073DSpfK74XpSb0ZyRNpHV9WvLnJ7TwPOjZll8hTMin7zLC6iOp59pDZ8EQDj1gzgAQQ==",
			"dev": true
		},
		"node_modules/@jridgewell/sourcemap-codec": {
			"version": "1.4.15",
			"resolved": "https://registry.npmjs.org/@jridgewell/sourcemap-codec/-/sourcemap-codec-1.4.15.tgz",
			"integrity": "sha512-eF2rxCRulEKXHTRiDrDy6erMYWqNw4LPdQ8UQA4huuxaQsVeRPFl2oM8oDGxMFhJUWZf9McpLtJasDDZb/Bpeg=="
		},
		"node_modules/@neoconfetti/svelte": {
			"version": "1.0.0",
			"resolved": "https://registry.npmjs.org/@neoconfetti/svelte/-/svelte-1.0.0.tgz",
			"integrity": "sha512-SmksyaJAdSlMa9cTidVSIqYo1qti+WTsviNDwgjNVm+KQ3DRP2Df9umDIzC4vCcpEYY+chQe0i2IKnLw03AT8Q==",
			"dev": true
		},
		"node_modules/@polka/url": {
			"version": "1.0.0-next.21",
			"resolved": "https://registry.npmjs.org/@polka/url/-/url-1.0.0-next.21.tgz",
			"integrity": "sha512-a5Sab1C4/icpTZVzZc5Ghpz88yQtGOyNqYXcZgOssB2uuAr+wF/MvN6bgtW32q7HHrvBki+BsZ0OuNv6EV3K9g=="
		},
		"node_modules/@sveltejs/adapter-auto": {
			"version": "1.0.3",
			"resolved": "https://registry.npmjs.org/@sveltejs/adapter-auto/-/adapter-auto-1.0.3.tgz",
			"integrity": "sha512-hc7O12YQqvZ1CD4fo1gMJuPzBZvuoG5kwxb2RRoz4fVoB8B2vuPO2cY751Ln0G6T/HMrAf8kCqw6Pg+wbxcstw==",
			"dev": true,
			"dependencies": {
				"import-meta-resolve": "^2.2.0"
			},
			"peerDependencies": {
				"@sveltejs/kit": "^1.0.0"
			}
		},
		"node_modules/@sveltejs/adapter-cloudflare": {
			"version": "2.3.2",
			"resolved": "https://registry.npmjs.org/@sveltejs/adapter-cloudflare/-/adapter-cloudflare-2.3.2.tgz",
			"integrity": "sha512-BpgFmVJInF2D0Uo41gJtvYyTiZ6P/xkfrQSqPHQOGYsjvFeW+1AjX/8MPIJ3VJyvbVgyRaVKMBsXWHADbAYatQ==",
			"dependencies": {
				"@cloudflare/workers-types": "^4.20230404.0",
				"esbuild": "^0.18.11",
				"worktop": "0.8.0-next.15"
			},
			"peerDependencies": {
				"@sveltejs/kit": "^1.0.0"
			}
		},
		"node_modules/@sveltejs/adapter-static": {
			"version": "2.0.3",
			"resolved": "https://registry.npmjs.org/@sveltejs/adapter-static/-/adapter-static-2.0.3.tgz",
			"integrity": "sha512-VUqTfXsxYGugCpMqQv1U0LIdbR3S5nBkMMDmpjGVJyM6Q2jHVMFtdWJCkeHMySc6mZxJ+0eZK3T7IgmUCDrcUQ==",
			"dev": true,
			"peerDependencies": {
				"@sveltejs/kit": "^1.5.0"
			}
		},
		"node_modules/@sveltejs/kit": {
			"version": "1.22.4",
			"resolved": "https://registry.npmjs.org/@sveltejs/kit/-/kit-1.22.4.tgz",
			"integrity": "sha512-Opkqw1QXk4Cc25b/heJP2D7mX+OUBFAq4MXKfET58svTTxdeiHFKzmnuRsSF3nmxESqrLjqPAgHpib+knNGzRw==",
			"hasInstallScript": true,
			"dependencies": {
				"@sveltejs/vite-plugin-svelte": "^2.4.1",
				"@types/cookie": "^0.5.1",
				"cookie": "^0.5.0",
				"devalue": "^4.3.1",
				"esm-env": "^1.0.0",
				"kleur": "^4.1.5",
				"magic-string": "^0.30.0",
				"mime": "^3.0.0",
				"sade": "^1.8.1",
				"set-cookie-parser": "^2.6.0",
				"sirv": "^2.0.2",
				"undici": "~5.22.0"
			},
			"bin": {
				"svelte-kit": "svelte-kit.js"
			},
			"engines": {
				"node": "^16.14 || >=18"
			},
			"peerDependencies": {
				"svelte": "^3.54.0 || ^4.0.0-next.0",
				"vite": "^4.0.0"
			}
		},
		"node_modules/@sveltejs/vite-plugin-svelte": {
			"version": "2.4.4",
			"resolved": "https://registry.npmjs.org/@sveltejs/vite-plugin-svelte/-/vite-plugin-svelte-2.4.4.tgz",
			"integrity": "sha512-Q5z7+iIjs3sw/Jquxaa9KSY5/MShboNjvsxnQYRMdREx/SBDmEYTjeXenpMBh6k0IQ3tMKESCiwKq3/TeAQ8Og==",
			"dependencies": {
				"@sveltejs/vite-plugin-svelte-inspector": "^1.0.3",
				"debug": "^4.3.4",
				"deepmerge": "^4.3.1",
				"kleur": "^4.1.5",
				"magic-string": "^0.30.2",
				"svelte-hmr": "^0.15.3",
				"vitefu": "^0.2.4"
			},
			"engines": {
				"node": "^14.18.0 || >= 16"
			},
			"peerDependencies": {
				"svelte": "^3.54.0 || ^4.0.0",
				"vite": "^4.0.0"
			}
		},
		"node_modules/@sveltejs/vite-plugin-svelte-inspector": {
			"version": "1.0.3",
			"resolved": "https://registry.npmjs.org/@sveltejs/vite-plugin-svelte-inspector/-/vite-plugin-svelte-inspector-1.0.3.tgz",
			"integrity": "sha512-Khdl5jmmPN6SUsVuqSXatKpQTMIifoQPDanaxC84m9JxIibWvSABJyHpyys0Z+1yYrxY5TTEQm+6elh0XCMaOA==",
			"dependencies": {
				"debug": "^4.3.4"
			},
			"engines": {
				"node": "^14.18.0 || >= 16"
			},
			"peerDependencies": {
				"@sveltejs/vite-plugin-svelte": "^2.2.0",
				"svelte": "^3.54.0 || ^4.0.0",
				"vite": "^4.0.0"
			}
		},
		"node_modules/@types/cookie": {
			"version": "0.5.1",
			"resolved": "https://registry.npmjs.org/@types/cookie/-/cookie-0.5.1.tgz",
			"integrity": "sha512-COUnqfB2+ckwXXSFInsFdOAWQzCCx+a5hq2ruyj+Vjund94RJQd4LG2u9hnvJrTgunKAaax7ancBYlDrNYxA0g=="
		},
		"node_modules/busboy": {
			"version": "1.6.0",
			"resolved": "https://registry.npmjs.org/busboy/-/busboy-1.6.0.tgz",
			"integrity": "sha512-8SFQbg/0hQ9xy3UNTB0YEnsNBbWfhf7RtnzpL7TkBiTBRfrQ9Fxcnz7VJsleJpyp6rVLvXiuORqjlHi5q+PYuA==",
			"dependencies": {
				"streamsearch": "^1.1.0"
			},
			"engines": {
				"node": ">=10.16.0"
			}
		},
		"node_modules/cookie": {
			"version": "0.5.0",
			"resolved": "https://registry.npmjs.org/cookie/-/cookie-0.5.0.tgz",
			"integrity": "sha512-YZ3GUyn/o8gfKJlnlX7g7xq4gyO6OSuhGPKaaGssGB2qgDUS0gPgtTvoyZLTt9Ab6dC4hfc9dV5arkvc/OCmrw==",
			"engines": {
				"node": ">= 0.6"
			}
		},
		"node_modules/debug": {
			"version": "4.3.4",
			"resolved": "https://registry.npmjs.org/debug/-/debug-4.3.4.tgz",
			"integrity": "sha512-PRWFHuSU3eDtQJPvnNY7Jcket1j0t5OuOsFzPPzsekD52Zl8qUfFIPEiswXqIvHWGVHOgX+7G/vCNNhehwxfkQ==",
			"dependencies": {
				"ms": "2.1.2"
			},
			"engines": {
				"node": ">=6.0"
			},
			"peerDependenciesMeta": {
				"supports-color": {
					"optional": true
				}
			}
		},
		"node_modules/deepmerge": {
			"version": "4.3.1",
			"resolved": "https://registry.npmjs.org/deepmerge/-/deepmerge-4.3.1.tgz",
			"integrity": "sha512-3sUqbMEc77XqpdNO7FRyRog+eW3ph+GYCbj+rK+uYyRMuwsVy0rMiVtPn+QJlKFvWP/1PYpapqYn0Me2knFn+A==",
			"engines": {
				"node": ">=0.10.0"
			}
		},
		"node_modules/devalue": {
			"version": "4.3.2",
			"resolved": "https://registry.npmjs.org/devalue/-/devalue-4.3.2.tgz",
			"integrity": "sha512-KqFl6pOgOW+Y6wJgu80rHpo2/3H07vr8ntR9rkkFIRETewbf5GaYYcakYfiKz89K+sLsuPkQIZaXDMjUObZwWg=="
		},
		"node_modules/esbuild": {
			"version": "0.18.18",
			"resolved": "https://registry.npmjs.org/esbuild/-/esbuild-0.18.18.tgz",
			"integrity": "sha512-UckDPWvdVJLNT0npk5AMTpVwGRQhS76rWFLmHwEtgNvWlR9sgVV1eyc/oeBtM86q9s8ABBLMmm0CwNxhVemOiw==",
			"hasInstallScript": true,
			"bin": {
				"esbuild": "bin/esbuild"
			},
			"engines": {
				"node": ">=12"
			},
			"optionalDependencies": {
				"@esbuild/android-arm": "0.18.18",
				"@esbuild/android-arm64": "0.18.18",
				"@esbuild/android-x64": "0.18.18",
				"@esbuild/darwin-arm64": "0.18.18",
				"@esbuild/darwin-x64": "0.18.18",
				"@esbuild/freebsd-arm64": "0.18.18",
				"@esbuild/freebsd-x64": "0.18.18",
				"@esbuild/linux-arm": "0.18.18",
				"@esbuild/linux-arm64": "0.18.18",
				"@esbuild/linux-ia32": "0.18.18",
				"@esbuild/linux-loong64": "0.18.18",
				"@esbuild/linux-mips64el": "0.18.18",
				"@esbuild/linux-ppc64": "0.18.18",
				"@esbuild/linux-riscv64": "0.18.18",
				"@esbuild/linux-s390x": "0.18.18",
				"@esbuild/linux-x64": "0.18.18",
				"@esbuild/netbsd-x64": "0.18.18",
				"@esbuild/openbsd-x64": "0.18.18",
				"@esbuild/sunos-x64": "0.18.18",
				"@esbuild/win32-arm64": "0.18.18",
				"@esbuild/win32-ia32": "0.18.18",
				"@esbuild/win32-x64": "0.18.18"
			}
		},
		"node_modules/esm-env": {
			"version": "1.0.0",
			"resolved": "https://registry.npmjs.org/esm-env/-/esm-env-1.0.0.tgz",
			"integrity": "sha512-Cf6VksWPsTuW01vU9Mk/3vRue91Zevka5SjyNf3nEpokFRuqt/KjUQoGAwq9qMmhpLTHmXzSIrFRw8zxWzmFBA=="
		},
		"node_modules/fsevents": {
			"version": "2.3.2",
			"resolved": "https://registry.npmjs.org/fsevents/-/fsevents-2.3.2.tgz",
			"integrity": "sha512-xiqMQR4xAeHTuB9uWm+fFRcIOgKBMiOBP+eXiyT7jsgVCq1bkVygt00oASowB7EdtpOHaaPgKt812P9ab+DDKA==",
			"hasInstallScript": true,
			"optional": true,
			"os": [
				"darwin"
			],
			"engines": {
				"node": "^8.16.0 || ^10.6.0 || >=11.0.0"
			}
		},
		"node_modules/import-meta-resolve": {
			"version": "2.2.2",
			"resolved": "https://registry.npmjs.org/import-meta-resolve/-/import-meta-resolve-2.2.2.tgz",
			"integrity": "sha512-f8KcQ1D80V7RnqVm+/lirO9zkOxjGxhaTC1IPrBGd3MEfNgmNG67tSUO9gTi2F3Blr2Az6g1vocaxzkVnWl9MA==",
			"dev": true,
			"funding": {
				"type": "github",
				"url": "https://github.com/sponsors/wooorm"
			}
		},
		"node_modules/kleur": {
			"version": "4.1.5",
			"resolved": "https://registry.npmjs.org/kleur/-/kleur-4.1.5.tgz",
			"integrity": "sha512-o+NO+8WrRiQEE4/7nwRJhN1HWpVmJm511pBHUxPLtp0BUISzlBplORYSmTclCnJvQq2tKu/sgl3xVpkc7ZWuQQ==",
			"engines": {
				"node": ">=6"
			}
		},
		"node_modules/magic-string": {
			"version": "0.30.2",
			"resolved": "https://registry.npmjs.org/magic-string/-/magic-string-0.30.2.tgz",
			"integrity": "sha512-lNZdu7pewtq/ZvWUp9Wpf/x7WzMTsR26TWV03BRZrXFsv+BI6dy8RAiKgm1uM/kyR0rCfUcqvOlXKG66KhIGug==",
			"dependencies": {
				"@jridgewell/sourcemap-codec": "^1.4.15"
			},
			"engines": {
				"node": ">=12"
			}
		},
		"node_modules/mime": {
			"version": "3.0.0",
			"resolved": "https://registry.npmjs.org/mime/-/mime-3.0.0.tgz",
			"integrity": "sha512-jSCU7/VB1loIWBZe14aEYHU/+1UMEHoaO7qxCOVJOw9GgH72VAWppxNcjU+x9a2k3GSIBXNKxXQFqRvvZ7vr3A==",
			"bin": {
				"mime": "cli.js"
			},
			"engines": {
				"node": ">=10.0.0"
			}
		},
		"node_modules/mri": {
			"version": "1.2.0",
			"resolved": "https://registry.npmjs.org/mri/-/mri-1.2.0.tgz",
			"integrity": "sha512-tzzskb3bG8LvYGFF/mDTpq3jpI6Q9wc3LEmBaghu+DdCssd1FakN7Bc0hVNmEyGq1bq3RgfkCb3cmQLpNPOroA==",
			"engines": {
				"node": ">=4"
			}
		},
		"node_modules/mrmime": {
			"version": "1.0.1",
			"resolved": "https://registry.npmjs.org/mrmime/-/mrmime-1.0.1.tgz",
			"integrity": "sha512-hzzEagAgDyoU1Q6yg5uI+AorQgdvMCur3FcKf7NhMKWsaYg+RnbTyHRa/9IlLF9rf455MOCtcqqrQQ83pPP7Uw==",
			"engines": {
				"node": ">=10"
			}
		},
		"node_modules/ms": {
			"version": "2.1.2",
			"resolved": "https://registry.npmjs.org/ms/-/ms-2.1.2.tgz",
			"integrity": "sha512-sGkPx+VjMtmA6MX27oA4FBFELFCZZ4S4XqeGOXCv68tT+jb3vk/RyaKWP0PTKyWtmLSM0b+adUTEvbs1PEaH2w=="
		},
		"node_modules/nanoid": {
			"version": "3.3.6",
			"resolved": "https://registry.npmjs.org/nanoid/-/nanoid-3.3.6.tgz",
			"integrity": "sha512-BGcqMMJuToF7i1rt+2PWSNVnWIkGCU78jBG3RxO/bZlnZPK2Cmi2QaffxGO/2RvWi9sL+FAiRiXMgsyxQ1DIDA==",
			"funding": [
				{
					"type": "github",
					"url": "https://github.com/sponsors/ai"
				}
			],
			"bin": {
				"nanoid": "bin/nanoid.cjs"
			},
			"engines": {
				"node": "^10 || ^12 || ^13.7 || ^14 || >=15.0.1"
			}
		},
		"node_modules/picocolors": {
			"version": "1.0.0",
			"resolved": "https://registry.npmjs.org/picocolors/-/picocolors-1.0.0.tgz",
			"integrity": "sha512-1fygroTLlHu66zi26VoTDv8yRgm0Fccecssto+MhsZ0D/DGW2sm8E8AjW7NU5VVTRt5GxbeZ5qBuJr+HyLYkjQ=="
		},
		"node_modules/postcss": {
			"version": "8.4.27",
			"resolved": "https://registry.npmjs.org/postcss/-/postcss-8.4.27.tgz",
			"integrity": "sha512-gY/ACJtJPSmUFPDCHtX78+01fHa64FaU4zaaWfuh1MhGJISufJAH4cun6k/8fwsHYeK4UQmENQK+tRLCFJE8JQ==",
			"funding": [
				{
					"type": "opencollective",
					"url": "https://opencollective.com/postcss/"
				},
				{
					"type": "tidelift",
					"url": "https://tidelift.com/funding/github/npm/postcss"
				},
				{
					"type": "github",
					"url": "https://github.com/sponsors/ai"
				}
			],
			"dependencies": {
				"nanoid": "^3.3.6",
				"picocolors": "^1.0.0",
				"source-map-js": "^1.0.2"
			},
			"engines": {
				"node": "^10 || ^12 || >=14"
			}
		},
		"node_modules/regexparam": {
			"version": "2.0.1",
			"resolved": "https://registry.npmjs.org/regexparam/-/regexparam-2.0.1.tgz",
			"integrity": "sha512-zRgSaYemnNYxUv+/5SeoHI0eJIgTL/A2pUtXUPLHQxUldagouJ9p+K6IbIZ/JiQuCEv2E2B1O11SjVQy3aMCkw==",
			"engines": {
				"node": ">=8"
			}
		},
		"node_modules/rollup": {
			"version": "3.27.2",
			"resolved": "https://registry.npmjs.org/rollup/-/rollup-3.27.2.tgz",
			"integrity": "sha512-YGwmHf7h2oUHkVBT248x0yt6vZkYQ3/rvE5iQuVBh3WO8GcJ6BNeOkpoX1yMHIiBm18EMLjBPIoUDkhgnyxGOQ==",
			"bin": {
				"rollup": "dist/bin/rollup"
			},
			"engines": {
				"node": ">=14.18.0",
				"npm": ">=8.0.0"
			},
			"optionalDependencies": {
				"fsevents": "~2.3.2"
			}
		},
		"node_modules/sade": {
			"version": "1.8.1",
			"resolved": "https://registry.npmjs.org/sade/-/sade-1.8.1.tgz",
			"integrity": "sha512-xal3CZX1Xlo/k4ApwCFrHVACi9fBqJ7V+mwhBsuf/1IOKbBy098Fex+Wa/5QMubw09pSZ/u8EY8PWgevJsXp1A==",
			"dependencies": {
				"mri": "^1.1.0"
			},
			"engines": {
				"node": ">=6"
			}
		},
		"node_modules/set-cookie-parser": {
			"version": "2.6.0",
			"resolved": "https://registry.npmjs.org/set-cookie-parser/-/set-cookie-parser-2.6.0.tgz",
			"integrity": "sha512-RVnVQxTXuerk653XfuliOxBP81Sf0+qfQE73LIYKcyMYHG94AuH0kgrQpRDuTZnSmjpysHmzxJXKNfa6PjFhyQ=="
		},
		"node_modules/sirv": {
			"version": "2.0.3",
			"resolved": "https://registry.npmjs.org/sirv/-/sirv-2.0.3.tgz",
			"integrity": "sha512-O9jm9BsID1P+0HOi81VpXPoDxYP374pkOLzACAoyUQ/3OUVndNpsz6wMnY2z+yOxzbllCKZrM+9QrWsv4THnyA==",
			"dependencies": {
				"@polka/url": "^1.0.0-next.20",
				"mrmime": "^1.0.0",
				"totalist": "^3.0.0"
			},
			"engines": {
				"node": ">= 10"
			}
		},
		"node_modules/source-map-js": {
			"version": "1.0.2",
			"resolved": "https://registry.npmjs.org/source-map-js/-/source-map-js-1.0.2.tgz",
			"integrity": "sha512-R0XvVJ9WusLiqTCEiGCmICCMplcCkIwwR11mOSD9CR5u+IXYdiseeEuXCVAjS54zqwkLcPNnmU4OeJ6tUrWhDw==",
			"engines": {
				"node": ">=0.10.0"
			}
		},
		"node_modules/streamsearch": {
			"version": "1.1.0",
			"resolved": "https://registry.npmjs.org/streamsearch/-/streamsearch-1.1.0.tgz",
			"integrity": "sha512-Mcc5wHehp9aXz1ax6bZUyY5afg9u2rv5cqQI3mRrYkGC8rW2hM02jWuwjtL++LS5qinSyhj2QfLyNsuc+VsExg==",
			"engines": {
				"node": ">=10.0.0"
			}
		},
		"node_modules/svelte": {
			"version": "3.59.2",
			"resolved": "https://registry.npmjs.org/svelte/-/svelte-3.59.2.tgz",
			"integrity": "sha512-vzSyuGr3eEoAtT/A6bmajosJZIUWySzY2CzB3w2pgPvnkUjGqlDnsNnA0PMO+mMAhuyMul6C2uuZzY6ELSkzyA==",
			"engines": {
				"node": ">= 8"
			}
		},
		"node_modules/svelte-hmr": {
			"version": "0.15.3",
			"resolved": "https://registry.npmjs.org/svelte-hmr/-/svelte-hmr-0.15.3.tgz",
			"integrity": "sha512-41snaPswvSf8TJUhlkoJBekRrABDXDMdpNpT2tfHIv4JuhgvHqLMhEPGtaQn0BmbNSTkuz2Ed20DF2eHw0SmBQ==",
			"engines": {
				"node": "^12.20 || ^14.13.1 || >= 16"
			},
			"peerDependencies": {
				"svelte": "^3.19.0 || ^4.0.0"
			}
		},
		"node_modules/totalist": {
			"version": "3.0.1",
			"resolved": "https://registry.npmjs.org/totalist/-/totalist-3.0.1.tgz",
			"integrity": "sha512-sf4i37nQ2LBx4m3wB74y+ubopq6W/dIzXg0FDGjsYnZHVa1Da8FH853wlL2gtUhg+xJXjfk3kUZS3BRoQeoQBQ==",
			"engines": {
				"node": ">=6"
			}
		},
		"node_modules/undici": {
			"version": "5.22.1",
			"resolved": "https://registry.npmjs.org/undici/-/undici-5.22.1.tgz",
			"integrity": "sha512-Ji2IJhFXZY0x/0tVBXeQwgPlLWw13GVzpsWPQ3rV50IFMMof2I55PZZxtm4P6iNq+L5znYN9nSTAq0ZyE6lSJw==",
			"dependencies": {
				"busboy": "^1.6.0"
			},
			"engines": {
				"node": ">=14.0"
			}
		},
		"node_modules/vite": {
			"version": "4.4.8",
			"resolved": "https://registry.npmjs.org/vite/-/vite-4.4.8.tgz",
			"integrity": "sha512-LONawOUUjxQridNWGQlNizfKH89qPigK36XhMI7COMGztz8KNY0JHim7/xDd71CZwGT4HtSRgI7Hy+RlhG0Gvg==",
			"dependencies": {
				"esbuild": "^0.18.10",
				"postcss": "^8.4.26",
				"rollup": "^3.25.2"
			},
			"bin": {
				"vite": "bin/vite.js"
			},
			"engines": {
				"node": "^14.18.0 || >=16.0.0"
			},
			"funding": {
				"url": "https://github.com/vitejs/vite?sponsor=1"
			},
			"optionalDependencies": {
				"fsevents": "~2.3.2"
			},
			"peerDependencies": {
				"@types/node": ">= 14",
				"less": "*",
				"lightningcss": "^1.21.0",
				"sass": "*",
				"stylus": "*",
				"sugarss": "*",
				"terser": "^5.4.0"
			},
			"peerDependenciesMeta": {
				"@types/node": {
					"optional": true
				},
				"less": {
					"optional": true
				},
				"lightningcss": {
					"optional": true
				},
				"sass": {
					"optional": true
				},
				"stylus": {
					"optional": true
				},
				"sugarss": {
					"optional": true
				},
				"terser": {
					"optional": true
				}
			}
		},
		"node_modules/vitefu": {
			"version": "0.2.4",
			"resolved": "https://registry.npmjs.org/vitefu/-/vitefu-0.2.4.tgz",
			"integrity": "sha512-fanAXjSaf9xXtOOeno8wZXIhgia+CZury481LsDaV++lSvcU2R9Ch2bPh3PYFyoHW+w9LqAeYRISVQjUIew14g==",
			"peerDependencies": {
				"vite": "^3.0.0 || ^4.0.0"
			},
			"peerDependenciesMeta": {
				"vite": {
					"optional": true
				}
			}
		},
		"node_modules/worktop": {
			"version": "0.8.0-next.15",
			"resolved": "https://registry.npmjs.org/worktop/-/worktop-0.8.0-next.15.tgz",
			"integrity": "sha512-0ycNO52P6nVwsjr1y20zuf0nqJatAb8L7MODBfQIxbxndHV5O4s50oZZMHWhJG1RLpHwbK0Epq8aaQK4E2GlgQ==",
			"dependencies": {
				"mrmime": "^1.0.0",
				"regexparam": "^2.0.0"
			},
			"engines": {
				"node": ">=12"
			}
		}
	},
	"dependencies": {
		"@cloudflare/workers-types": {
			"version": "4.20230801.0",
			"resolved": "https://registry.npmjs.org/@cloudflare/workers-types/-/workers-types-4.20230801.0.tgz",
			"integrity": "sha512-RzRUR+J/T3h58qbTZHYntYsnZXu3JnrlZIhqP2hhdyfoZAZ/+ko4wX0foAqlYHi+kXWaWtySHBuMcx6ec6TXlQ=="
		},
		"@esbuild/android-arm": {
			"version": "0.18.18",
			"resolved": "https://registry.npmjs.org/@esbuild/android-arm/-/android-arm-0.18.18.tgz",
			"integrity": "sha512-oBymf7ZwplAawSxmiSlBCf+FMcY0f4bs5QP2jn43JKUf0M9DnrUTjqa5RvFPl1elw+sMfcpfBRPK+rb+E1q7zg==",
			"optional": true
		},
		"@esbuild/android-arm64": {
			"version": "0.18.18",
			"resolved": "https://registry.npmjs.org/@esbuild/android-arm64/-/android-arm64-0.18.18.tgz",
			"integrity": "sha512-dkAPYzRHq3dNXIzOyAknYOzsx8o3KWaNiuu56B2rP9IFPmFWMS58WQcTlUQi6iloku8ZyHHMluCe5sTWhKq/Yw==",
			"optional": true
		},
		"@esbuild/android-x64": {
			"version": "0.18.18",
			"resolved": "https://registry.npmjs.org/@esbuild/android-x64/-/android-x64-0.18.18.tgz",
			"integrity": "sha512-r7/pVcrUQMYkjvtE/1/n6BxhWM+/9tvLxDG1ev1ce4z3YsqoxMK9bbOM6bFcj0BowMeGQvOZWcBV182lFFKmrw==",
			"optional": true
		},
		"@esbuild/darwin-arm64": {
			"version": "0.18.18",
			"resolved": "https://registry.npmjs.org/@esbuild/darwin-arm64/-/darwin-arm64-0.18.18.tgz",
			"integrity": "sha512-MSe2iV9MAH3wfP0g+vzN9bp36rtPPuCSk+bT5E2vv/d8krvW5uB/Pi/Q5+txUZuxsG3GcO8dhygjnFq0wJU9hQ==",
			"optional": true
		},
		"@esbuild/darwin-x64": {
			"version": "0.18.18",
			"resolved": "https://registry.npmjs.org/@esbuild/darwin-x64/-/darwin-x64-0.18.18.tgz",
			"integrity": "sha512-ARFYISOWkaifjcr48YtO70gcDNeOf1H2RnmOj6ip3xHIj66f3dAbhcd5Nph5np6oHI7DhHIcr9MWO18RvUL1bw==",
			"optional": true
		},
		"@esbuild/freebsd-arm64": {
			"version": "0.18.18",
			"resolved": "https://registry.npmjs.org/@esbuild/freebsd-arm64/-/freebsd-arm64-0.18.18.tgz",
			"integrity": "sha512-BHnXmexzEWRU2ZySJosU0Ts0NRnJnNrMB6t4EiIaOSel73I8iLsNiTPLH0rJulAh19cYZutsB5XHK6N8fi5eMg==",
			"optional": true
		},
		"@esbuild/freebsd-x64": {
			"version": "0.18.18",
			"resolved": "https://registry.npmjs.org/@esbuild/freebsd-x64/-/freebsd-x64-0.18.18.tgz",
			"integrity": "sha512-n823w35wm0ZOobbuE//0sJjuz1Qj619+AwjgOcAJMN2pomZhH9BONCtn+KlfrmM/NWZ+27yB/eGVFzUIWLeh3w==",
			"optional": true
		},
		"@esbuild/linux-arm": {
			"version": "0.18.18",
			"resolved": "https://registry.npmjs.org/@esbuild/linux-arm/-/linux-arm-0.18.18.tgz",
			"integrity": "sha512-Kck3jxPLQU4VeAGwe8Q4NU+IWIx+suULYOFUI9T0C2J1+UQlOHJ08ITN+MaJJ+2youzJOmKmcphH/t3SJxQ1Tw==",
			"optional": true
		},
		"@esbuild/linux-arm64": {
			"version": "0.18.18",
			"resolved": "https://registry.npmjs.org/@esbuild/linux-arm64/-/linux-arm64-0.18.18.tgz",
			"integrity": "sha512-zANxnwF0sCinDcAqoMohGoWBK9QaFJ65Vgh0ZE+RXtURaMwx+RfmfLElqtnn7X8OYNckMoIXSg7u+tZ3tqTlrA==",
			"optional": true
		},
		"@esbuild/linux-ia32": {
			"version": "0.18.18",
			"resolved": "https://registry.npmjs.org/@esbuild/linux-ia32/-/linux-ia32-0.18.18.tgz",
			"integrity": "sha512-+VHz2sIRlY5u8IlaLJpdf5TL2kM76yx186pW7bpTB+vLWpzcFQVP04L842ZB2Ty13A1VXUvy3DbU1jV65P2skg==",
			"optional": true
		},
		"@esbuild/linux-loong64": {
			"version": "0.18.18",
			"resolved": "https://registry.npmjs.org/@esbuild/linux-loong64/-/linux-loong64-0.18.18.tgz",
			"integrity": "sha512-fXPEPdeGBvguo/1+Na8OIWz3667BN1cwbGtTEZWTd0qdyTsk5gGf9jVX8MblElbDb/Cpw6y5JiaQuL96YmvBwQ==",
			"optional": true
		},
		"@esbuild/linux-mips64el": {
			"version": "0.18.18",
			"resolved": "https://registry.npmjs.org/@esbuild/linux-mips64el/-/linux-mips64el-0.18.18.tgz",
			"integrity": "sha512-dLvRB87pIBIRnEIC32LIcgwK1JzlIuADIRjLKdUIpxauKwMuS/xMpN+cFl+0nN4RHNYOZ57DmXFFmQAcdlFOmw==",
			"optional": true
		},
		"@esbuild/linux-ppc64": {
			"version": "0.18.18",
			"resolved": "https://registry.npmjs.org/@esbuild/linux-ppc64/-/linux-ppc64-0.18.18.tgz",
			"integrity": "sha512-fRChqIJZ7hLkXSKfBLYgsX9Ssb5OGCjk3dzCETF5QSS1qjTgayLv0ALUdJDB9QOh/nbWwp+qfLZU6md4XcjL7w==",
			"optional": true
		},
		"@esbuild/linux-riscv64": {
			"version": "0.18.18",
			"resolved": "https://registry.npmjs.org/@esbuild/linux-riscv64/-/linux-riscv64-0.18.18.tgz",
			"integrity": "sha512-ALK/BT3u7Hoa/vHjow6W6+MKF0ohYcVcVA1EpskI4bkBPVuDLrUDqt2YFifg5UcZc8qup0CwQqWmFUd6VMNgaA==",
			"optional": true
		},
		"@esbuild/linux-s390x": {
			"version": "0.18.18",
			"resolved": "https://registry.npmjs.org/@esbuild/linux-s390x/-/linux-s390x-0.18.18.tgz",
			"integrity": "sha512-crT7jtOXd9iirY65B+mJQ6W0HWdNy8dtkZqKGWNcBnunpLcTCfne5y5bKic9bhyYzKpQEsO+C/VBPD8iF0RhRw==",
			"optional": true
		},
		"@esbuild/linux-x64": {
			"version": "0.18.18",
			"resolved": "https://registry.npmjs.org/@esbuild/linux-x64/-/linux-x64-0.18.18.tgz",
			"integrity": "sha512-/NSgghjBOW9ELqjXDYxOCCIsvQUZpvua1/6NdnA9Vnrp9UzEydyDdFXljUjMMS9p5KxMzbMO9frjHYGVHBfCHg==",
			"optional": true
		},
		"@esbuild/netbsd-x64": {
			"version": "0.18.18",
			"resolved": "https://registry.npmjs.org/@esbuild/netbsd-x64/-/netbsd-x64-0.18.18.tgz",
			"integrity": "sha512-8Otf05Vx5sZjLLDulgr5QS5lsWXMplKZEyHMArH9/S4olLlhzmdhQBPhzhJTNwaL2FJNdWcUPNGAcoD5zDTfUA==",
			"optional": true
		},
		"@esbuild/openbsd-x64": {
			"version": "0.18.18",
			"resolved": "https://registry.npmjs.org/@esbuild/openbsd-x64/-/openbsd-x64-0.18.18.tgz",
			"integrity": "sha512-tFiFF4kT5L5qhVrWJUNxEXWvvX8nK/UX9ZrB7apuTwY3f6+Xy4aFMBPwAVrBYtBd5MOUuyOVHK6HBZCAHkwUlw==",
			"optional": true
		},
		"@esbuild/sunos-x64": {
			"version": "0.18.18",
			"resolved": "https://registry.npmjs.org/@esbuild/sunos-x64/-/sunos-x64-0.18.18.tgz",
			"integrity": "sha512-MPogVV8Bzh8os4OM+YDGGsSzCzmNRiyKGtHoJyZLtI4BMmd6EcxmGlcEGK1uM46h1BiOyi7Z7teUtzzQhvkC+w==",
			"optional": true
		},
		"@esbuild/win32-arm64": {
			"version": "0.18.18",
			"resolved": "https://registry.npmjs.org/@esbuild/win32-arm64/-/win32-arm64-0.18.18.tgz",
			"integrity": "sha512-YKD6LF/XXY9REu+ZL5RAsusiG48n602qxsMVh/E8FFD9hp4OyTQaL9fpE1ovxwQXqFio+tT0ITUGjDSSSPN13w==",
			"optional": true
		},
		"@esbuild/win32-ia32": {
			"version": "0.18.18",
			"resolved": "https://registry.npmjs.org/@esbuild/win32-ia32/-/win32-ia32-0.18.18.tgz",
			"integrity": "sha512-NjSBmBsyZBTsZB6ga6rA6PfG/RHnwruUz/9YEVXcm4STGauFWvhYhOMhEyw1yU5NVgYYm8CH5AltCm77TS21/Q==",
			"optional": true
		},
		"@esbuild/win32-x64": {
			"version": "0.18.18",
			"resolved": "https://registry.npmjs.org/@esbuild/win32-x64/-/win32-x64-0.18.18.tgz",
			"integrity": "sha512-eTSg/gC3p3tdjj4roDhe5xu94l1s2jMazP8u2FsYO8SEKvSpPOO71EucprDn/IuErDPvTFUhV9lTw5z5WJCRKQ==",
			"optional": true
		},
		"@fontsource/fira-mono": {
			"version": "4.5.10",
			"resolved": "https://registry.npmjs.org/@fontsource/fira-mono/-/fira-mono-4.5.10.tgz",
			"integrity": "sha512-bxUnRP8xptGRo8YXeY073DSpfK74XpSb0ZyRNpHV9WvLnJ7TwPOjZll8hTMin7zLC6iOp59pDZ8EQDj1gzgAQQ==",
			"dev": true
		},
		"@jridgewell/sourcemap-codec": {
			"version": "1.4.15",
			"resolved": "https://registry.npmjs.org/@jridgewell/sourcemap-codec/-/sourcemap-codec-1.4.15.tgz",
			"integrity": "sha512-eF2rxCRulEKXHTRiDrDy6erMYWqNw4LPdQ8UQA4huuxaQsVeRPFl2oM8oDGxMFhJUWZf9McpLtJasDDZb/Bpeg=="
		},
		"@neoconfetti/svelte": {
			"version": "1.0.0",
			"resolved": "https://registry.npmjs.org/@neoconfetti/svelte/-/svelte-1.0.0.tgz",
			"integrity": "sha512-SmksyaJAdSlMa9cTidVSIqYo1qti+WTsviNDwgjNVm+KQ3DRP2Df9umDIzC4vCcpEYY+chQe0i2IKnLw03AT8Q==",
			"dev": true
		},
		"@polka/url": {
			"version": "1.0.0-next.21",
			"resolved": "https://registry.npmjs.org/@polka/url/-/url-1.0.0-next.21.tgz",
			"integrity": "sha512-a5Sab1C4/icpTZVzZc5Ghpz88yQtGOyNqYXcZgOssB2uuAr+wF/MvN6bgtW32q7HHrvBki+BsZ0OuNv6EV3K9g=="
		},
		"@sveltejs/adapter-auto": {
			"version": "1.0.3",
			"resolved": "https://registry.npmjs.org/@sveltejs/adapter-auto/-/adapter-auto-1.0.3.tgz",
			"integrity": "sha512-hc7O12YQqvZ1CD4fo1gMJuPzBZvuoG5kwxb2RRoz4fVoB8B2vuPO2cY751Ln0G6T/HMrAf8kCqw6Pg+wbxcstw==",
			"dev": true,
			"requires": {
				"import-meta-resolve": "^2.2.0"
			}
		},
		"@sveltejs/adapter-cloudflare": {
			"version": "2.3.2",
			"resolved": "https://registry.npmjs.org/@sveltejs/adapter-cloudflare/-/adapter-cloudflare-2.3.2.tgz",
			"integrity": "sha512-BpgFmVJInF2D0Uo41gJtvYyTiZ6P/xkfrQSqPHQOGYsjvFeW+1AjX/8MPIJ3VJyvbVgyRaVKMBsXWHADbAYatQ==",
			"requires": {
				"@cloudflare/workers-types": "^4.20230404.0",
				"esbuild": "^0.18.11",
				"worktop": "0.8.0-next.15"
			}
		},
		"@sveltejs/adapter-static": {
			"version": "2.0.3",
			"resolved": "https://registry.npmjs.org/@sveltejs/adapter-static/-/adapter-static-2.0.3.tgz",
			"integrity": "sha512-VUqTfXsxYGugCpMqQv1U0LIdbR3S5nBkMMDmpjGVJyM6Q2jHVMFtdWJCkeHMySc6mZxJ+0eZK3T7IgmUCDrcUQ==",
			"dev": true,
			"requires": {}
		},
		"@sveltejs/kit": {
			"version": "1.22.4",
			"resolved": "https://registry.npmjs.org/@sveltejs/kit/-/kit-1.22.4.tgz",
			"integrity": "sha512-Opkqw1QXk4Cc25b/heJP2D7mX+OUBFAq4MXKfET58svTTxdeiHFKzmnuRsSF3nmxESqrLjqPAgHpib+knNGzRw==",
			"requires": {
				"@sveltejs/vite-plugin-svelte": "^2.4.1",
				"@types/cookie": "^0.5.1",
				"cookie": "^0.5.0",
				"devalue": "^4.3.1",
				"esm-env": "^1.0.0",
				"kleur": "^4.1.5",
				"magic-string": "^0.30.0",
				"mime": "^3.0.0",
				"sade": "^1.8.1",
				"set-cookie-parser": "^2.6.0",
				"sirv": "^2.0.2",
				"undici": "~5.22.0"
			}
		},
		"@sveltejs/vite-plugin-svelte": {
			"version": "2.4.4",
			"resolved": "https://registry.npmjs.org/@sveltejs/vite-plugin-svelte/-/vite-plugin-svelte-2.4.4.tgz",
			"integrity": "sha512-Q5z7+iIjs3sw/Jquxaa9KSY5/MShboNjvsxnQYRMdREx/SBDmEYTjeXenpMBh6k0IQ3tMKESCiwKq3/TeAQ8Og==",
			"requires": {
				"@sveltejs/vite-plugin-svelte-inspector": "^1.0.3",
				"debug": "^4.3.4",
				"deepmerge": "^4.3.1",
				"kleur": "^4.1.5",
				"magic-string": "^0.30.2",
				"svelte-hmr": "^0.15.3",
				"vitefu": "^0.2.4"
			}
		},
		"@sveltejs/vite-plugin-svelte-inspector": {
			"version": "1.0.3",
			"resolved": "https://registry.npmjs.org/@sveltejs/vite-plugin-svelte-inspector/-/vite-plugin-svelte-inspector-1.0.3.tgz",
			"integrity": "sha512-Khdl5jmmPN6SUsVuqSXatKpQTMIifoQPDanaxC84m9JxIibWvSABJyHpyys0Z+1yYrxY5TTEQm+6elh0XCMaOA==",
			"requires": {
				"debug": "^4.3.4"
			}
		},
		"@types/cookie": {
			"version": "0.5.1",
			"resolved": "https://registry.npmjs.org/@types/cookie/-/cookie-0.5.1.tgz",
			"integrity": "sha512-COUnqfB2+ckwXXSFInsFdOAWQzCCx+a5hq2ruyj+Vjund94RJQd4LG2u9hnvJrTgunKAaax7ancBYlDrNYxA0g=="
		},
		"busboy": {
			"version": "1.6.0",
			"resolved": "https://registry.npmjs.org/busboy/-/busboy-1.6.0.tgz",
			"integrity": "sha512-8SFQbg/0hQ9xy3UNTB0YEnsNBbWfhf7RtnzpL7TkBiTBRfrQ9Fxcnz7VJsleJpyp6rVLvXiuORqjlHi5q+PYuA==",
			"requires": {
				"streamsearch": "^1.1.0"
			}
		},
		"cookie": {
			"version": "0.5.0",
			"resolved": "https://registry.npmjs.org/cookie/-/cookie-0.5.0.tgz",
			"integrity": "sha512-YZ3GUyn/o8gfKJlnlX7g7xq4gyO6OSuhGPKaaGssGB2qgDUS0gPgtTvoyZLTt9Ab6dC4hfc9dV5arkvc/OCmrw=="
		},
		"debug": {
			"version": "4.3.4",
			"resolved": "https://registry.npmjs.org/debug/-/debug-4.3.4.tgz",
			"integrity": "sha512-PRWFHuSU3eDtQJPvnNY7Jcket1j0t5OuOsFzPPzsekD52Zl8qUfFIPEiswXqIvHWGVHOgX+7G/vCNNhehwxfkQ==",
			"requires": {
				"ms": "2.1.2"
			}
		},
		"deepmerge": {
			"version": "4.3.1",
			"resolved": "https://registry.npmjs.org/deepmerge/-/deepmerge-4.3.1.tgz",
			"integrity": "sha512-3sUqbMEc77XqpdNO7FRyRog+eW3ph+GYCbj+rK+uYyRMuwsVy0rMiVtPn+QJlKFvWP/1PYpapqYn0Me2knFn+A=="
		},
		"devalue": {
			"version": "4.3.2",
			"resolved": "https://registry.npmjs.org/devalue/-/devalue-4.3.2.tgz",
			"integrity": "sha512-KqFl6pOgOW+Y6wJgu80rHpo2/3H07vr8ntR9rkkFIRETewbf5GaYYcakYfiKz89K+sLsuPkQIZaXDMjUObZwWg=="
		},
		"esbuild": {
			"version": "0.18.18",
			"resolved": "https://registry.npmjs.org/esbuild/-/esbuild-0.18.18.tgz",
			"integrity": "sha512-UckDPWvdVJLNT0npk5AMTpVwGRQhS76rWFLmHwEtgNvWlR9sgVV1eyc/oeBtM86q9s8ABBLMmm0CwNxhVemOiw==",
			"requires": {
				"@esbuild/android-arm": "0.18.18",
				"@esbuild/android-arm64": "0.18.18",
				"@esbuild/android-x64": "0.18.18",
				"@esbuild/darwin-arm64": "0.18.18",
				"@esbuild/darwin-x64": "0.18.18",
				"@esbuild/freebsd-arm64": "0.18.18",
				"@esbuild/freebsd-x64": "0.18.18",
				"@esbuild/linux-arm": "0.18.18",
				"@esbuild/linux-arm64": "0.18.18",
				"@esbuild/linux-ia32": "0.18.18",
				"@esbuild/linux-loong64": "0.18.18",
				"@esbuild/linux-mips64el": "0.18.18",
				"@esbuild/linux-ppc64": "0.18.18",
				"@esbuild/linux-riscv64": "0.18.18",
				"@esbuild/linux-s390x": "0.18.18",
				"@esbuild/linux-x64": "0.18.18",
				"@esbuild/netbsd-x64": "0.18.18",
				"@esbuild/openbsd-x64": "0.18.18",
				"@esbuild/sunos-x64": "0.18.18",
				"@esbuild/win32-arm64": "0.18.18",
				"@esbuild/win32-ia32": "0.18.18",
				"@esbuild/win32-x64": "0.18.18"
			}
		},
		"esm-env": {
			"version": "1.0.0",
			"resolved": "https://registry.npmjs.org/esm-env/-/esm-env-1.0.0.tgz",
			"integrity": "sha512-Cf6VksWPsTuW01vU9Mk/3vRue91Zevka5SjyNf3nEpokFRuqt/KjUQoGAwq9qMmhpLTHmXzSIrFRw8zxWzmFBA=="
		},
		"fsevents": {
			"version": "2.3.2",
			"resolved": "https://registry.npmjs.org/fsevents/-/fsevents-2.3.2.tgz",
			"integrity": "sha512-xiqMQR4xAeHTuB9uWm+fFRcIOgKBMiOBP+eXiyT7jsgVCq1bkVygt00oASowB7EdtpOHaaPgKt812P9ab+DDKA==",
			"optional": true
		},
		"import-meta-resolve": {
			"version": "2.2.2",
			"resolved": "https://registry.npmjs.org/import-meta-resolve/-/import-meta-resolve-2.2.2.tgz",
			"integrity": "sha512-f8KcQ1D80V7RnqVm+/lirO9zkOxjGxhaTC1IPrBGd3MEfNgmNG67tSUO9gTi2F3Blr2Az6g1vocaxzkVnWl9MA==",
			"dev": true
		},
		"kleur": {
			"version": "4.1.5",
			"resolved": "https://registry.npmjs.org/kleur/-/kleur-4.1.5.tgz",
			"integrity": "sha512-o+NO+8WrRiQEE4/7nwRJhN1HWpVmJm511pBHUxPLtp0BUISzlBplORYSmTclCnJvQq2tKu/sgl3xVpkc7ZWuQQ=="
		},
		"magic-string": {
			"version": "0.30.2",
			"resolved": "https://registry.npmjs.org/magic-string/-/magic-string-0.30.2.tgz",
			"integrity": "sha512-lNZdu7pewtq/ZvWUp9Wpf/x7WzMTsR26TWV03BRZrXFsv+BI6dy8RAiKgm1uM/kyR0rCfUcqvOlXKG66KhIGug==",
			"requires": {
				"@jridgewell/sourcemap-codec": "^1.4.15"
			}
		},
		"mime": {
			"version": "3.0.0",
			"resolved": "https://registry.npmjs.org/mime/-/mime-3.0.0.tgz",
			"integrity": "sha512-jSCU7/VB1loIWBZe14aEYHU/+1UMEHoaO7qxCOVJOw9GgH72VAWppxNcjU+x9a2k3GSIBXNKxXQFqRvvZ7vr3A=="
		},
		"mri": {
			"version": "1.2.0",
			"resolved": "https://registry.npmjs.org/mri/-/mri-1.2.0.tgz",
			"integrity": "sha512-tzzskb3bG8LvYGFF/mDTpq3jpI6Q9wc3LEmBaghu+DdCssd1FakN7Bc0hVNmEyGq1bq3RgfkCb3cmQLpNPOroA=="
		},
		"mrmime": {
			"version": "1.0.1",
			"resolved": "https://registry.npmjs.org/mrmime/-/mrmime-1.0.1.tgz",
			"integrity": "sha512-hzzEagAgDyoU1Q6yg5uI+AorQgdvMCur3FcKf7NhMKWsaYg+RnbTyHRa/9IlLF9rf455MOCtcqqrQQ83pPP7Uw=="
		},
		"ms": {
			"version": "2.1.2",
			"resolved": "https://registry.npmjs.org/ms/-/ms-2.1.2.tgz",
			"integrity": "sha512-sGkPx+VjMtmA6MX27oA4FBFELFCZZ4S4XqeGOXCv68tT+jb3vk/RyaKWP0PTKyWtmLSM0b+adUTEvbs1PEaH2w=="
		},
		"nanoid": {
			"version": "3.3.6",
			"resolved": "https://registry.npmjs.org/nanoid/-/nanoid-3.3.6.tgz",
			"integrity": "sha512-BGcqMMJuToF7i1rt+2PWSNVnWIkGCU78jBG3RxO/bZlnZPK2Cmi2QaffxGO/2RvWi9sL+FAiRiXMgsyxQ1DIDA=="
		},
		"picocolors": {
			"version": "1.0.0",
			"resolved": "https://registry.npmjs.org/picocolors/-/picocolors-1.0.0.tgz",
			"integrity": "sha512-1fygroTLlHu66zi26VoTDv8yRgm0Fccecssto+MhsZ0D/DGW2sm8E8AjW7NU5VVTRt5GxbeZ5qBuJr+HyLYkjQ=="
		},
		"postcss": {
			"version": "8.4.27",
			"resolved": "https://registry.npmjs.org/postcss/-/postcss-8.4.27.tgz",
			"integrity": "sha512-gY/ACJtJPSmUFPDCHtX78+01fHa64FaU4zaaWfuh1MhGJISufJAH4cun6k/8fwsHYeK4UQmENQK+tRLCFJE8JQ==",
			"requires": {
				"nanoid": "^3.3.6",
				"picocolors": "^1.0.0",
				"source-map-js": "^1.0.2"
			}
		},
		"regexparam": {
			"version": "2.0.1",
			"resolved": "https://registry.npmjs.org/regexparam/-/regexparam-2.0.1.tgz",
			"integrity": "sha512-zRgSaYemnNYxUv+/5SeoHI0eJIgTL/A2pUtXUPLHQxUldagouJ9p+K6IbIZ/JiQuCEv2E2B1O11SjVQy3aMCkw=="
		},
		"rollup": {
			"version": "3.27.2",
			"resolved": "https://registry.npmjs.org/rollup/-/rollup-3.27.2.tgz",
			"integrity": "sha512-YGwmHf7h2oUHkVBT248x0yt6vZkYQ3/rvE5iQuVBh3WO8GcJ6BNeOkpoX1yMHIiBm18EMLjBPIoUDkhgnyxGOQ==",
			"requires": {
				"fsevents": "~2.3.2"
			}
		},
		"sade": {
			"version": "1.8.1",
			"resolved": "https://registry.npmjs.org/sade/-/sade-1.8.1.tgz",
			"integrity": "sha512-xal3CZX1Xlo/k4ApwCFrHVACi9fBqJ7V+mwhBsuf/1IOKbBy098Fex+Wa/5QMubw09pSZ/u8EY8PWgevJsXp1A==",
			"requires": {
				"mri": "^1.1.0"
			}
		},
		"set-cookie-parser": {
			"version": "2.6.0",
			"resolved": "https://registry.npmjs.org/set-cookie-parser/-/set-cookie-parser-2.6.0.tgz",
			"integrity": "sha512-RVnVQxTXuerk653XfuliOxBP81Sf0+qfQE73LIYKcyMYHG94AuH0kgrQpRDuTZnSmjpysHmzxJXKNfa6PjFhyQ=="
		},
		"sirv": {
			"version": "2.0.3",
			"resolved": "https://registry.npmjs.org/sirv/-/sirv-2.0.3.tgz",
			"integrity": "sha512-O9jm9BsID1P+0HOi81VpXPoDxYP374pkOLzACAoyUQ/3OUVndNpsz6wMnY2z+yOxzbllCKZrM+9QrWsv4THnyA==",
			"requires": {
				"@polka/url": "^1.0.0-next.20",
				"mrmime": "^1.0.0",
				"totalist": "^3.0.0"
			}
		},
		"source-map-js": {
			"version": "1.0.2",
			"resolved": "https://registry.npmjs.org/source-map-js/-/source-map-js-1.0.2.tgz",
			"integrity": "sha512-R0XvVJ9WusLiqTCEiGCmICCMplcCkIwwR11mOSD9CR5u+IXYdiseeEuXCVAjS54zqwkLcPNnmU4OeJ6tUrWhDw=="
		},
		"streamsearch": {
			"version": "1.1.0",
			"resolved": "https://registry.npmjs.org/streamsearch/-/streamsearch-1.1.0.tgz",
			"integrity": "sha512-Mcc5wHehp9aXz1ax6bZUyY5afg9u2rv5cqQI3mRrYkGC8rW2hM02jWuwjtL++LS5qinSyhj2QfLyNsuc+VsExg=="
		},
		"svelte": {
			"version": "3.59.2",
			"resolved": "https://registry.npmjs.org/svelte/-/svelte-3.59.2.tgz",
			"integrity": "sha512-vzSyuGr3eEoAtT/A6bmajosJZIUWySzY2CzB3w2pgPvnkUjGqlDnsNnA0PMO+mMAhuyMul6C2uuZzY6ELSkzyA=="
		},
		"svelte-hmr": {
			"version": "0.15.3",
			"resolved": "https://registry.npmjs.org/svelte-hmr/-/svelte-hmr-0.15.3.tgz",
			"integrity": "sha512-41snaPswvSf8TJUhlkoJBekRrABDXDMdpNpT2tfHIv4JuhgvHqLMhEPGtaQn0BmbNSTkuz2Ed20DF2eHw0SmBQ==",
			"requires": {}
		},
		"totalist": {
			"version": "3.0.1",
			"resolved": "https://registry.npmjs.org/totalist/-/totalist-3.0.1.tgz",
			"integrity": "sha512-sf4i37nQ2LBx4m3wB74y+ubopq6W/dIzXg0FDGjsYnZHVa1Da8FH853wlL2gtUhg+xJXjfk3kUZS3BRoQeoQBQ=="
		},
		"undici": {
			"version": "5.22.1",
			"resolved": "https://registry.npmjs.org/undici/-/undici-5.22.1.tgz",
			"integrity": "sha512-Ji2IJhFXZY0x/0tVBXeQwgPlLWw13GVzpsWPQ3rV50IFMMof2I55PZZxtm4P6iNq+L5znYN9nSTAq0ZyE6lSJw==",
			"requires": {
				"busboy": "^1.6.0"
			}
		},
		"vite": {
			"version": "4.4.8",
			"resolved": "https://registry.npmjs.org/vite/-/vite-4.4.8.tgz",
			"integrity": "sha512-LONawOUUjxQridNWGQlNizfKH89qPigK36XhMI7COMGztz8KNY0JHim7/xDd71CZwGT4HtSRgI7Hy+RlhG0Gvg==",
			"requires": {
				"esbuild": "^0.18.10",
				"fsevents": "~2.3.2",
				"postcss": "^8.4.26",
				"rollup": "^3.25.2"
			}
		},
		"vitefu": {
			"version": "0.2.4",
			"resolved": "https://registry.npmjs.org/vitefu/-/vitefu-0.2.4.tgz",
			"integrity": "sha512-fanAXjSaf9xXtOOeno8wZXIhgia+CZury481LsDaV++lSvcU2R9Ch2bPh3PYFyoHW+w9LqAeYRISVQjUIew14g==",
			"requires": {}
		},
		"worktop": {
			"version": "0.8.0-next.15",
			"resolved": "https://registry.npmjs.org/worktop/-/worktop-0.8.0-next.15.tgz",
			"integrity": "sha512-0ycNO52P6nVwsjr1y20zuf0nqJatAb8L7MODBfQIxbxndHV5O4s50oZZMHWhJG1RLpHwbK0Epq8aaQK4E2GlgQ==",
			"requires": {
				"mrmime": "^1.0.0",
				"regexparam": "^2.0.0"
			}
		}
	}
}
